
Microsoft Visual Studio Solution File, Format Version 12.00
Project("{FAE04EC0-301F-11D3-BF4B-00C04F79EFBC}") = "Server", "Server\Server.csproj", "{ACAF57C3-130A-43C8-83BE-019F12895988}"
EndProject
Project("{FAE04EC0-301F-11D3-BF4B-00C04F79EFBC}") = "Client", "Client\Client.csproj", "{420CD0D6-5707-48F3-9CB4-9A4E22AF6C2A}"
EndProject
Global
	GlobalSection(SolutionConfigurationPlatforms) = preSolution
		Debug|Any CPU = Debug|Any CPU
		Release|Any CPU = Release|Any CPU
	EndGlobalSection
	GlobalSection(ProjectConfigurationPlatforms) = postSolution
		{ACAF57C3-130A-43C8-83BE-019F12895988}.Debug|Any CPU.ActiveCfg = Debug|Any CPU
		{ACAF57C3-130A-43C8-83BE-019F12895988}.Debug|Any CPU.Build.0 = Debug|Any CPU
		{ACAF57C3-130A-43C8-83BE-019F12895988}.Release|Any CPU.ActiveCfg = Release|Any CPU
		{ACAF57C3-130A-43C8-83BE-019F12895988}.Release|Any CPU.Build.0 = Release|Any CPU
		{420CD0D6-5707-48F3-9CB4-9A4E22AF6C2A}.Debug|Any CPU.ActiveCfg = Debug|Any CPU
		{420CD0D6-5707-48F3-9CB4-9A4E22AF6C2A}.Debug|Any CPU.Build.0 = Debug|Any CPU
		{420CD0D6-5707-48F3-9CB4-9A4E22AF6C2A}.Release|Any CPU.ActiveCfg = Release|Any CPU
		{420CD0D6-5707-48F3-9CB4-9A4E22AF6C2A}.Release|Any CPU.Build.0 = Release|Any CPU
	EndGlobalSection
EndGlobal
